
Microsoft Visual Studio Solution File, Format Version 12.00
# Visual Studio Version 17
VisualStudioVersion = 17.7.34003.232
MinimumVisualStudioVersion = 10.0.40219.1
Project("{9A19103F-16F7-4668-BE54-9A1E7A4F7556}") = "ToDo.API", "ToDo.API\ToDo.API.csproj", "{30ABFF7E-FF51-4F1A-8BAF-0B5109F32D51}"
EndProject
Project("{9A19103F-16F7-4668-BE54-9A1E7A4F7556}") = "ToDo.Application", "ToDo.Application\ToDo.Application.csproj", "{8F344682-02D4-415A-8D01-77F45294B0EA}"
EndProject
Project("{9A19103F-16F7-4668-BE54-9A1E7A4F7556}") = "ToDo.Infrastructure", "ToDo.Infrastructure\ToDo.Infrastructure.csproj", "{05165862-DD34-4875-BE7E-25FE5A88A0EF}"
EndProject
Project("{FAE04EC0-301F-11D3-BF4B-00C04F79EFBC}") = "ToDo.Core", "ToDo.Core\ToDo.Core.csproj", "{7E88E81C-DF0D-4113-859E-0C46C06F9177}"
EndProject
Global
	GlobalSection(SolutionConfigurationPlatforms) = preSolution
		Debug|Any CPU = Debug|Any CPU
		Release|Any CPU = Release|Any CPU
	EndGlobalSection
	GlobalSection(ProjectConfigurationPlatforms) = postSolution
		{30ABFF7E-FF51-4F1A-8BAF-0B5109F32D51}.Debug|Any CPU.ActiveCfg = Debug|Any CPU
		{30ABFF7E-FF51-4F1A-8BAF-0B5109F32D51}.Debug|Any CPU.Build.0 = Debug|Any CPU
		{30ABFF7E-FF51-4F1A-8BAF-0B5109F32D51}.Release|Any CPU.ActiveCfg = Release|Any CPU
		{30ABFF7E-FF51-4F1A-8BAF-0B5109F32D51}.Release|Any CPU.Build.0 = Release|Any CPU
		{8F344682-02D4-415A-8D01-77F45294B0EA}.Debug|Any CPU.ActiveCfg = Debug|Any CPU
		{8F344682-02D4-415A-8D01-77F45294B0EA}.Debug|Any CPU.Build.0 = Debug|Any CPU
		{8F344682-02D4-415A-8D01-77F45294B0EA}.Release|Any CPU.ActiveCfg = Release|Any CPU
		{8F344682-02D4-415A-8D01-77F45294B0EA}.Release|Any CPU.Build.0 = Release|Any CPU
		{05165862-DD34-4875-BE7E-25FE5A88A0EF}.Debug|Any CPU.ActiveCfg = Debug|Any CPU
		{05165862-DD34-4875-BE7E-25FE5A88A0EF}.Debug|Any CPU.Build.0 = Debug|Any CPU
		{05165862-DD34-4875-BE7E-25FE5A88A0EF}.Release|Any CPU.ActiveCfg = Release|Any CPU
		{05165862-DD34-4875-BE7E-25FE5A88A0EF}.Release|Any CPU.Build.0 = Release|Any CPU
		{7E88E81C-DF0D-4113-859E-0C46C06F9177}.Debug|Any CPU.ActiveCfg = Debug|Any CPU
		{7E88E81C-DF0D-4113-859E-0C46C06F9177}.Debug|Any CPU.Build.0 = Debug|Any CPU
		{7E88E81C-DF0D-4113-859E-0C46C06F9177}.Release|Any CPU.ActiveCfg = Release|Any CPU
		{7E88E81C-DF0D-4113-859E-0C46C06F9177}.Release|Any CPU.Build.0 = Release|Any CPU
	EndGlobalSection
	GlobalSection(SolutionProperties) = preSolution
		HideSolutionNode = FALSE
	EndGlobalSection
	GlobalSection(ExtensibilityGlobals) = postSolution
		SolutionGuid = {55016CE1-DB45-49AB-8253-F3AA7B15CF2F}
	EndGlobalSection
EndGlobal
